{
  "name": "@jupyrdf/graph-lsp",
  "version": "0.1.0",
  "lockfileVersion": 1,
  "requires": true,
  "dependencies": {
    "@krassowski/code-jumpers": {
      "version": "1.0.0",
      "resolved": "https://registry.npmjs.org/@krassowski/code-jumpers/-/code-jumpers-1.0.0.tgz",
      "integrity": "sha512-5gATvEV56hFnJEsJRB7D074rHgy9B6MK7vZ3knXzwpkCgpDrGco6qXQcO/DezPaa//OHD2wITefBVcWuRyRmxw=="
    },
    "@krassowski/completion-theme": {
      "version": "2.0.0",
      "resolved": "https://registry.npmjs.org/@krassowski/completion-theme/-/completion-theme-2.0.0.tgz",
      "integrity": "sha512-5LEyUHqjMCHE5PR0o9vuKuPygvFuhtB+W1BnjjsaGWIeVyqYFhwUI0e/kuRy0qTaFe1vnJVN4y9zHbFUVHbqYA=="
    },
    "@krassowski/jupyterlab-lsp": {
      "version": "3.5.0",
      "resolved": "https://registry.npmjs.org/@krassowski/jupyterlab-lsp/-/jupyterlab-lsp-3.5.0.tgz",
      "integrity": "sha512-Uv8rEKfxJ81IKKYs8tlg93pSJ85f6vwoEns9ILO/cMsPN9Z0w3yAYZ5ztO6izi5fLuH7yJD3rCFnc6qQXrvBJQ==",
      "requires": {
        "@krassowski/code-jumpers": "~1.0.0",
        "@krassowski/completion-theme": "~2.0.0",
        "@krassowski/theme-material": "~2.0.0",
        "@krassowski/theme-vscode": "~2.0.0",
        "lodash.mergewith": "^4.6.1",
        "lsp-ws-connection": "~0.5.1"
      }
    },
    "@krassowski/theme-material": {
      "version": "2.0.0",
      "resolved": "https://registry.npmjs.org/@krassowski/theme-material/-/theme-material-2.0.0.tgz",
      "integrity": "sha512-enbMH5UlRblcERI+t8k2QpzpKT2/L9DXNnfVY3+2QpT7W4UYq7Z3SQVQIHunf4CJGltCElAI8PWk4hZKvgDwcg==",
      "requires": {
        "@krassowski/completion-theme": "~2.0.0"
      }
    },
    "@krassowski/theme-vscode": {
      "version": "2.0.0",
      "resolved": "https://registry.npmjs.org/@krassowski/theme-vscode/-/theme-vscode-2.0.0.tgz",
      "integrity": "sha512-Soz6Qg+lpvOM+j3Th13vUQ47VoLbz7ifxPonENI6WbIpRz8YJlrfIO/y34E6L4v902w8dVNfUr0NYRZ+7v20Pg==",
      "requires": {
        "@krassowski/completion-theme": "~2.0.0"
      }
    },
    "lodash.mergewith": {
      "version": "4.6.2",
      "resolved": "https://registry.npmjs.org/lodash.mergewith/-/lodash.mergewith-4.6.2.tgz",
      "integrity": "sha512-GK3g5RPZWTRSeLSpgP8Xhra+pnjBC56q9FZYe1d5RN3TJ35dbkGy3YqBSMbyCrlbi+CM9Z3Jk5yTL7RCsqboyQ=="
    },
    "lsp-ws-connection": {
      "version": "0.5.1",
      "resolved": "https://registry.npmjs.org/lsp-ws-connection/-/lsp-ws-connection-0.5.1.tgz",
      "integrity": "sha512-ikQfvS9sW+J+nDlR0xmCjzizS9AvwdnuUQAzPciaQbZB2tmI05B6hYyFbiovaPSCHBMzypO/RBkWBsXlS2/eZA==",
      "requires": {
        "vscode-jsonrpc": "^4.1.0-next",
        "vscode-languageclient": "^5.2.1",
        "vscode-languageserver-protocol": "^3.14.1",
        "vscode-languageserver-types": "^3.14.0",
        "vscode-ws-jsonrpc": "0.1.1"
      }
    },
    "semver": {
      "version": "5.7.1",
      "resolved": "https://registry.npmjs.org/semver/-/semver-5.7.1.tgz",
      "integrity": "sha512-sauaDf/PZdVgrLTNYHRtpXa1iRiKcaebiKQ1BJdpQlWH2lCvexQdX55snPFyK7QzpudqbCI0qXFfOasHdyNDGQ=="
    },
    "vscode-jsonrpc": {
      "version": "4.1.0-next.3",
      "resolved": "https://registry.npmjs.org/vscode-jsonrpc/-/vscode-jsonrpc-4.1.0-next.3.tgz",
      "integrity": "sha512-Z6oxBiMks2+UADV1QHXVooSakjyhI+eHTnXzDyVvVMmegvSfkXk2w6mPEdSkaNHFBdtWW7n20H1yw2nA3A17mg=="
    },
    "vscode-languageclient": {
      "version": "5.2.1",
      "resolved": "https://registry.npmjs.org/vscode-languageclient/-/vscode-languageclient-5.2.1.tgz",
      "integrity": "sha512-7jrS/9WnV0ruqPamN1nE7qCxn0phkH5LjSgSp9h6qoJGoeAKzwKz/PF6M+iGA/aklx4GLZg1prddhEPQtuXI1Q==",
      "requires": {
        "semver": "^5.5.0",
        "vscode-languageserver-protocol": "3.14.1"
      },
      "dependencies": {
        "vscode-jsonrpc": {
          "version": "4.0.0",
          "resolved": "https://registry.npmjs.org/vscode-jsonrpc/-/vscode-jsonrpc-4.0.0.tgz",
          "integrity": "sha512-perEnXQdQOJMTDFNv+UF3h1Y0z4iSiaN9jIlb0OqIYgosPCZGYh/MCUlkFtV2668PL69lRDO32hmvL2yiidUYg=="
        },
        "vscode-languageserver-protocol": {
          "version": "3.14.1",
          "resolved": "https://registry.npmjs.org/vscode-languageserver-protocol/-/vscode-languageserver-protocol-3.14.1.tgz",
          "integrity": "sha512-IL66BLb2g20uIKog5Y2dQ0IiigW0XKrvmWiOvc0yXw80z3tMEzEnHjaGAb3ENuU7MnQqgnYJ1Cl2l9RvNgDi4g==",
          "requires": {
            "vscode-jsonrpc": "^4.0.0",
            "vscode-languageserver-types": "3.14.0"
          }
        },
        "vscode-languageserver-types": {
          "version": "3.14.0",
          "resolved": "https://registry.npmjs.org/vscode-languageserver-types/-/vscode-languageserver-types-3.14.0.tgz",
          "integrity": "sha512-lTmS6AlAlMHOvPQemVwo3CezxBp0sNB95KNPkqp3Nxd5VFEnuG1ByM0zlRWos0zjO3ZWtkvhal0COgiV1xIA4A=="
        }
      }
    },
    "vscode-languageserver-protocol": {
      "version": "3.16.0",
      "resolved": "https://registry.npmjs.org/vscode-languageserver-protocol/-/vscode-languageserver-protocol-3.16.0.tgz",
      "integrity": "sha512-sdeUoAawceQdgIfTI+sdcwkiK2KU+2cbEYA0agzM2uqaUy2UpnnGHtWTHVEtS0ES4zHU0eMFRGN+oQgDxlD66A==",
      "requires": {
        "vscode-jsonrpc": "6.0.0",
        "vscode-languageserver-types": "3.16.0"
      },
      "dependencies": {
        "vscode-jsonrpc": {
          "version": "6.0.0",
          "resolved": "https://registry.npmjs.org/vscode-jsonrpc/-/vscode-jsonrpc-6.0.0.tgz",
          "integrity": "sha512-wnJA4BnEjOSyFMvjZdpiOwhSq9uDoK8e/kpRJDTaMYzwlkrhG1fwDIZI94CLsLzlCK5cIbMMtFlJlfR57Lavmg=="
        }
      }
    },
    "vscode-languageserver-types": {
      "version": "3.16.0",
      "resolved": "https://registry.npmjs.org/vscode-languageserver-types/-/vscode-languageserver-types-3.16.0.tgz",
      "integrity": "sha512-k8luDIWJWyenLc5ToFQQMaSrqCHiLwyKPHKPQZ5zz21vM+vIVUSvsRpcbiECH4WR88K2XZqc4ScRcZ7nk/jbeA=="
    },
    "vscode-ws-jsonrpc": {
      "version": "0.1.1",
      "resolved": "https://registry.npmjs.org/vscode-ws-jsonrpc/-/vscode-ws-jsonrpc-0.1.1.tgz",
      "integrity": "sha512-1O/FUORbb8dZAvh9AFF6HViLJ0Ja0RbF+sFRnUsoqkuKIRsXDDiiJpwYwT6fmglCLefE5afGPw9NoHvDVN/5yw==",
      "requires": {
        "vscode-jsonrpc": "^4.1.0-next"
      }
    }
  }
}
